<?xml version="1.0"?>
<CONFIG>
  <ProjectOptions>
    <PathDelim Value="/"/>
    <Version Value="6"/>
    <General>
      <MainUnit Value="0"/>
      <IconPath Value="./"/>
      <TargetFileExt Value=""/>
      <ActiveEditorIndexAtStart Value="0"/>
    </General>
    <VersionInfo>
      <UseVersionInfo Value="True"/>
      <AutoIncrementBuild Value="True"/>
      <CurrentMajorRevNr Value="1"/>
      <CurrentMinorRevNr Value="3"/>
      <CurrentBuildNr Value="2"/>
      <ProjectVersion Value="0.1.0.1"/>
    </VersionInfo>
    <PublishOptions>
      <Version Value="2"/>
      <IgnoreBinaries Value="False"/>
      <IncludeFileFilter Value="*.(pas|pp|inc|lfm|lpr|lrs|lpi|lpk|sh|xml)"/>
      <ExcludeFileFilter Value="*.(bak|ppu|ppw|o|so);*~;backup"/>
    </PublishOptions>
    <RunParams>
      <local>
        <FormatVersion Value="1"/>
        <LaunchingApplication PathPlusParams="/usr/X11R6/bin/xterm -T 'Lazarus Run Output' -e $(LazarusDir)/tools/runwait.sh $(TargetCmdLine)"/>
      </local>
    </RunParams>
    <RequiredPackages Count="2">
      <Item1>
        <PackageName Value="FCL"/>
        <MinVersion Major="1" Valid="True"/>
      </Item1>
      <Item2>
        <PackageName Value="LCL"/>
      </Item2>
    </RequiredPackages>
    <Units Count="4">
      <Unit0>
        <Filename Value="menuedit.lpr"/>
        <IsPartOfProject Value="True"/>
        <UnitName Value="MenuEdit"/>
        <CursorPos X="62" Y="11"/>
        <TopLine Value="1"/>
        <EditorIndex Value="2"/>
        <UsageCount Value="150"/>
        <Loaded Value="True"/>
      </Unit0>
      <Unit1>
        <Filename Value="mainedit.pas"/>
        <ComponentName Value="Form1"/>
        <IsPartOfProject Value="True"/>
        <ResourceBaseClass Value="Form"/>
        <ResourceFilename Value="mainedit.lrs"/>
        <UnitName Value="mainEdit"/>
        <CursorPos X="28" Y="752"/>
        <TopLine Value="737"/>
        <EditorIndex Value="0"/>
        <UsageCount Value="150"/>
        <Loaded Value="True"/>
      </Unit1>
      <Unit2>
        <Filename Value="exporter.pas"/>
        <IsPartOfProject Value="True"/>
        <UnitName Value="exporter"/>
        <CursorPos X="15" Y="714"/>
        <TopLine Value="698"/>
        <EditorIndex Value="3"/>
        <UsageCount Value="128"/>
        <Loaded Value="True"/>
      </Unit2>
      <Unit3>
        <Filename Value="check.pas"/>
        <ComponentName Value="Form2"/>
        <IsPartOfProject Value="True"/>
        <ResourceBaseClass Value="Form"/>
        <ResourceFilename Value="check.lrs"/>
        <UnitName Value="check"/>
        <CursorPos X="1" Y="243"/>
        <TopLine Value="21"/>
        <EditorIndex Value="1"/>
        <UsageCount Value="68"/>
        <Loaded Value="True"/>
      </Unit3>
    </Units>
  </ProjectOptions>
  <CompilerOptions>
    <Version Value="8"/>
    <Parsing>
      <SyntaxOptions>
        <CStyleOperator Value="False"/>
      </SyntaxOptions>
    </Parsing>
    <CodeGeneration>
      <Checks>
        <IOChecks Value="True"/>
        <RangeChecks Value="True"/>
        <OverflowChecks Value="True"/>
        <StackChecks Value="True"/>
      </Checks>
      <VerifyObjMethodCallValidity Value="True"/>
      <SmallerCode Value="True"/>
    </CodeGeneration>
    <Linking>
      <Debugging>
        <UseLineInfoUnit Value="False"/>
        <StripSymbols Value="True"/>
      </Debugging>
    </Linking>
    <Other>
      <CompilerPath Value="$(CompPath)"/>
    </Other>
  </CompilerOptions>
</CONFIG>
